Microsoft Visual Studio Solution File, Format Version 7.00
Project("{8BC9CEB8-8B4A-11D0-8D11-00A0C91BC942}") = "src", "src\src.vcproj", "{1D12088E-7AEC-4741-A3C6-B2B711C6276E}"
EndProject
Project("{8BC9CEB8-8B4A-11D0-8D11-00A0C91BC942}") = "MAP", "utils\MAP\MAP.vcproj", "{AC1FAC9A-9CA6-467E-8F05-29FEF8A06BA1}"
EndProject
Project("{8BC9CEB8-8B4A-11D0-8D11-00A0C91BC942}") = "io_server", "utils\io_server\io_server.vcproj", "{9488B177-A1D6-4FBF-9B7F-5917F9319024}"
EndProject
Project("{8BC9CEB8-8B4A-11D0-8D11-00A0C91BC942}") = "base64", "utils\base64\base64.vcproj", "{501793BC-41DB-43D4-8AF7-E2F512B99A4E}"
EndProject
Project("{8BC9CEB8-8B4A-11D0-8D11-00A0C91BC942}") = "include", "include\include.vcproj", "{9574B7C4-EDBD-4CD5-8A3B-5A8566E2D4B1}"
EndProject
Project("{8BC9CEB8-8B4A-11D0-8D11-00A0C91BC942}") = "echo_server", "examples\echo_server\echo_server.vcproj", "{A1400821-C246-4CCF-8BD8-222A4BCCCA1F}"
EndProject
Project("{8BC9CEB8-8B4A-11D0-8D11-00A0C91BC942}") = "echo_client", "examples\echo_server\echo_client\echo_client.vcproj", "{7BFB054F-7272-44EF-B816-A0764F9E0D64}"
EndProject
Global
        GlobalSection(SolutionConfiguration) = preSolution
                ConfigName.0 = .Net DLL
                ConfigName.1 = Debug
                ConfigName.2 = Release
        EndGlobalSection
        GlobalSection(ProjectDependencies) = postSolution
                {AC1FAC9A-9CA6-467E-8F05-29FEF8A06BA1}.0 = {501793BC-41DB-43D4-8AF7-E2F512B99A4E}
                {AC1FAC9A-9CA6-467E-8F05-29FEF8A06BA1}.1 = {1D12088E-7AEC-4741-A3C6-B2B711C6276E}
                {AC1FAC9A-9CA6-467E-8F05-29FEF8A06BA1}.2 = {9488B177-A1D6-4FBF-9B7F-5917F9319024}
                {A1400821-C246-4CCF-8BD8-222A4BCCCA1F}.0 = {1D12088E-7AEC-4741-A3C6-B2B711C6276E}
                {A1400821-C246-4CCF-8BD8-222A4BCCCA1F}.1 = {9488B177-A1D6-4FBF-9B7F-5917F9319024}
                {A1400821-C246-4CCF-8BD8-222A4BCCCA1F}.2 = {AC1FAC9A-9CA6-467E-8F05-29FEF8A06BA1}
                {7BFB054F-7272-44EF-B816-A0764F9E0D64}.0 = {1D12088E-7AEC-4741-A3C6-B2B711C6276E}
                {7BFB054F-7272-44EF-B816-A0764F9E0D64}.1 = {AC1FAC9A-9CA6-467E-8F05-29FEF8A06BA1}
                {7BFB054F-7272-44EF-B816-A0764F9E0D64}.2 = {9488B177-A1D6-4FBF-9B7F-5917F9319024}
        EndGlobalSection
        GlobalSection(ProjectConfiguration) = postSolution
                {1D12088E-7AEC-4741-A3C6-B2B711C6276E}..Net DLL.ActiveCfg = .Net DLL|Win32
                {1D12088E-7AEC-4741-A3C6-B2B711C6276E}..Net DLL.Build.0 = .Net DLL|Win32
                {1D12088E-7AEC-4741-A3C6-B2B711C6276E}.Debug.ActiveCfg = Debug|Win32
                {1D12088E-7AEC-4741-A3C6-B2B711C6276E}.Debug.Build.0 = Debug|Win32
                {1D12088E-7AEC-4741-A3C6-B2B711C6276E}.Release.ActiveCfg = Release|Win32
                {1D12088E-7AEC-4741-A3C6-B2B711C6276E}.Release.Build.0 = Release|Win32
                {AC1FAC9A-9CA6-467E-8F05-29FEF8A06BA1}..Net DLL.ActiveCfg = .Net DLL|Win32
                {AC1FAC9A-9CA6-467E-8F05-29FEF8A06BA1}..Net DLL.Build.0 = .Net DLL|Win32
                {AC1FAC9A-9CA6-467E-8F05-29FEF8A06BA1}.Debug.ActiveCfg = Debug|Win32
                {AC1FAC9A-9CA6-467E-8F05-29FEF8A06BA1}.Debug.Build.0 = Debug|Win32
                {AC1FAC9A-9CA6-467E-8F05-29FEF8A06BA1}.Release.ActiveCfg = Release|Win32
                {AC1FAC9A-9CA6-467E-8F05-29FEF8A06BA1}.Release.Build.0 = Release|Win32
                {9488B177-A1D6-4FBF-9B7F-5917F9319024}..Net DLL.ActiveCfg = .Net DLL|Win32
                {9488B177-A1D6-4FBF-9B7F-5917F9319024}..Net DLL.Build.0 = .Net DLL|Win32
                {9488B177-A1D6-4FBF-9B7F-5917F9319024}.Debug.ActiveCfg = Debug|Win32
                {9488B177-A1D6-4FBF-9B7F-5917F9319024}.Debug.Build.0 = Debug|Win32
                {9488B177-A1D6-4FBF-9B7F-5917F9319024}.Release.ActiveCfg = Release|Win32
                {9488B177-A1D6-4FBF-9B7F-5917F9319024}.Release.Build.0 = Release|Win32
                {501793BC-41DB-43D4-8AF7-E2F512B99A4E}..Net DLL.ActiveCfg = .Net DLL|Win32
                {501793BC-41DB-43D4-8AF7-E2F512B99A4E}..Net DLL.Build.0 = .Net DLL|Win32
                {501793BC-41DB-43D4-8AF7-E2F512B99A4E}.Debug.ActiveCfg = Debug|Win32
                {501793BC-41DB-43D4-8AF7-E2F512B99A4E}.Debug.Build.0 = Debug|Win32
                {501793BC-41DB-43D4-8AF7-E2F512B99A4E}.Release.ActiveCfg = Release|Win32
                {501793BC-41DB-43D4-8AF7-E2F512B99A4E}.Release.Build.0 = Release|Win32
                {9574B7C4-EDBD-4CD5-8A3B-5A8566E2D4B1}..Net DLL.ActiveCfg = .Net DLL|Win32
                {9574B7C4-EDBD-4CD5-8A3B-5A8566E2D4B1}..Net DLL.Build.0 = .Net DLL|Win32
                {9574B7C4-EDBD-4CD5-8A3B-5A8566E2D4B1}.Debug.ActiveCfg = Debug|Win32
                {9574B7C4-EDBD-4CD5-8A3B-5A8566E2D4B1}.Debug.Build.0 = Debug|Win32
                {9574B7C4-EDBD-4CD5-8A3B-5A8566E2D4B1}.Release.ActiveCfg = Release|Win32
                {9574B7C4-EDBD-4CD5-8A3B-5A8566E2D4B1}.Release.Build.0 = Release|Win32
                {A1400821-C246-4CCF-8BD8-222A4BCCCA1F}..Net DLL.ActiveCfg = .Net DLL|Win32
                {A1400821-C246-4CCF-8BD8-222A4BCCCA1F}..Net DLL.Build.0 = .Net DLL|Win32
                {A1400821-C246-4CCF-8BD8-222A4BCCCA1F}.Debug.ActiveCfg = Debug|Win32
                {A1400821-C246-4CCF-8BD8-222A4BCCCA1F}.Debug.Build.0 = Debug|Win32
                {A1400821-C246-4CCF-8BD8-222A4BCCCA1F}.Release.ActiveCfg = Release|Win32
                {A1400821-C246-4CCF-8BD8-222A4BCCCA1F}.Release.Build.0 = Release|Win32
                {7BFB054F-7272-44EF-B816-A0764F9E0D64}..Net DLL.ActiveCfg = .Net DLL|Win32
                {7BFB054F-7272-44EF-B816-A0764F9E0D64}..Net DLL.Build.0 = .Net DLL|Win32
                {7BFB054F-7272-44EF-B816-A0764F9E0D64}.Debug.ActiveCfg = Debug|Win32
                {7BFB054F-7272-44EF-B816-A0764F9E0D64}.Debug.Build.0 = Debug|Win32
                {7BFB054F-7272-44EF-B816-A0764F9E0D64}.Release.ActiveCfg = Release|Win32
                {7BFB054F-7272-44EF-B816-A0764F9E0D64}.Release.Build.0 = Release|Win32
        EndGlobalSection
        GlobalSection(SolutionItems) = postSolution
                Item:1 = dss.vsd
        EndGlobalSection
        GlobalSection(ExtensibilityGlobals) = postSolution
        EndGlobalSection
        GlobalSection(ExtensibilityAddIns) = postSolution
        EndGlobalSection
EndGlobal
